
Microsoft Visual Studio Solution File, Format Version 11.00
# Visual Studio 2010
Project("{8BC9CEB8-8B4A-11D0-8D11-00A0C91BC942}") = "MyTaskList", "MyTaskList\MyTaskList.vcxproj", "{D8235D72-72D8-4D69-A5B2-BCA8FDFEC3FC}"
EndProject
Global
	GlobalSection(SolutionConfigurationPlatforms) = preSolution
		Debug|Win32 = Debug|Win32
		Release|Win32 = Release|Win32
	EndGlobalSection
	GlobalSection(ProjectConfigurationPlatforms) = postSolution
		{D8235D72-72D8-4D69-A5B2-BCA8FDFEC3FC}.Debug|Win32.ActiveCfg = Debug|Win32
		{D8235D72-72D8-4D69-A5B2-BCA8FDFEC3FC}.Debug|Win32.Build.0 = Debug|Win32
		{D8235D72-72D8-4D69-A5B2-BCA8FDFEC3FC}.Release|Win32.ActiveCfg = Release|Win32
		{D8235D72-72D8-4D69-A5B2-BCA8FDFEC3FC}.Release|Win32.Build.0 = Release|Win32
	EndGlobalSection
	GlobalSection(SolutionProperties) = preSolution
		HideSolutionNode = FALSE
	EndGlobalSection
EndGlobal
